# This file is autogenerated, do not edit; changes may be undone by the next 'dep ensure'.


[[projects]]
  digest = "1:b6526fa4c07838585a136c1a0d897daf598a20412cb3b933d340b8657b283101"
  name = "github.com/DataDog/zstd"
  packages = ["."]
  pruneopts = "UT"
  revision = "2347a397da4ee9c6b8226d4aff82c302d0e52773"
  version = "v1.4.1"

[[projects]]
  digest = "1:e4f5819333ac698d294fe04dbf640f84719658d5c7ce195b10060cc37292ce79"
  name = "github.com/golang/snappy"
  packages = ["."]
  pruneopts = "UT"
  revision = "2a8bb927dd31d8daada140a5d09578521ce5c36a"
  version = "v0.0.1"

[[projects]]
  branch = "master"
  digest = "1:ae940e9156d0d778ce1991bcc99e58fa5ca2790ddf7c5f0bc05385854416f7a6"
  name = "github.com/jinzhu/copier"
  packages = ["."]
  pruneopts = "UT"
  revision = "b57f9002281ac48ed8cbc489b1e91121e1a0824c"

[[projects]]
  digest = "1:fd9bea48bbc5bba66d9891c72af7255fbebecdff845c37c679406174ece5ca1b"
  name = "github.com/kelseyhightower/envconfig"
  packages = ["."]
  pruneopts = "UT"
  revision = "0b417c4ec4a8a82eecc22a1459a504aa55163d61"
  version = "v1.4.0"

[[projects]]
  digest = "1:cef870622e603ac1305922eb5d380455cad27e354355ae7a855d8633ffa66197"
  name = "github.com/pierrec/lz4"
  packages = [
    ".",
    "internal/xxh32",
  ]
  pruneopts = "UT"
  revision = "645f9b948eee34cbcc335c70999f79c29c420fbf"
  version = "v2.3.0"

[[projects]]
  digest = "1:dd3bda003280586c91994ef8dacc51ad7df3f32d64e400fa21275ac71e3b6824"
  name = "github.com/segmentio/kafka-go"
  packages = [
    ".",
    "gzip",
    "lz4",
    "sasl",
    "snappy",
    "zstd",
  ]
  pruneopts = "UT"
  revision = "531c50bb11447b43c02f52718f9213631921fad3"
  version = "v0.3.3"

[[projects]]
  digest = "1:a5158647b553c61877aa9ae74f4015000294e47981e6b8b07525edcbb0747c81"
  name = "go.uber.org/atomic"
  packages = ["."]
  pruneopts = "UT"
  revision = "df976f2515e274675050de7b3f42545de80594fd"
  version = "v1.4.0"

[[projects]]
  digest = "1:ed14edb4b5ec8eff801b1e8217ffaf021729c5a1dee9d940af5bb3302ab7297d"
  name = "go.uber.org/multierr"
  packages = ["."]
  pruneopts = "UT"
  revision = "71e610a0e48dbda460d9c18adca8b5f2de04a7c1"
  version = "v1.2.0"

[[projects]]
  digest = "1:676160e6a4722b08e0e26b11521d575c2cb2b6f0c679e1ee6178c5d8dee51e5e"
  name = "go.uber.org/zap"
  packages = [
    ".",
    "buffer",
    "internal/bufferpool",
    "internal/color",
    "internal/exit",
    "zapcore",
  ]
  pruneopts = "UT"
  revision = "27376062155ad36be76b0f12cf1572a221d3a48c"
  version = "v1.10.0"

[[projects]]
  digest = "1:4d2e5a73dc1500038e504a8d78b986630e3626dc027bc030ba5c75da257cdb96"
  name = "gopkg.in/yaml.v2"
  packages = ["."]
  pruneopts = "UT"
  revision = "51d6538a90f86fe93ac480b35f37b2be17fef232"
  version = "v2.2.2"

[solve-meta]
  analyzer-name = "dep"
  analyzer-version = 1
  input-imports = [
    "github.com/jinzhu/copier",
    "github.com/kelseyhightower/envconfig",
    "github.com/segmentio/kafka-go",
    "github.com/segmentio/kafka-go/gzip",
    "github.com/segmentio/kafka-go/lz4",
    "github.com/segmentio/kafka-go/snappy",
    "github.com/segmentio/kafka-go/zstd",
    "go.uber.org/zap",
    "gopkg.in/yaml.v2",
  ]
  solver-name = "gps-cdcl"
  solver-version = 1
